{"SurveyEntry": {"SurveyID": "SV_YHEAZwhC7j0Fvlm", "SurveyName": "QSF Default Upload", "SurveyDescription": null, "SurveyOwnerID": "UR_IyIHHLlzRnvPTwL", "SurveyBrandID": "qxm", "DivisionID": null, "SurveyLanguage": "EN", "SurveyActiveResponseSet": "RS_XidsK2FVuZYGkyb", "SurveyStatus": "Inactive", "SurveyStartDate": "0000-00-00 00:00:00", "SurveyExpirationDate": "0000-00-00 00:00:00", "SurveyCreationDate": "2021-06-16 11:45:33", "CreatorID": "UR_IyIHHLlzRnvPTwL", "LastModified": "2021-06-16 11:45:34", "LastAccessed": "0000-00-00 00:00:00", "LastActivated": "0000-00-00 00:00:00", "Deleted": null}, "SurveyElements": [{"SurveyID": "SV_YHEAZwhC7j0Fvlm", "Element": "BL", "PrimaryAttribute": "Survey Blocks", "SecondaryAttribute": null, "TertiaryAttribute": null, "Payload": [{"Type": "Trash", "Description": "Trash", "ID": "BL_bmSUr12hsPwEXqH"}, {"Type": "Default", "Description": "Block 1", "ID": "BL_eLecn8mvM2WneXV", "BlockElements": [{"Type": "Question", "QuestionID": "QID1"}, {"Type": "Page Break"}, {"Type": "Question", "QuestionID": "QID2"}, {"Type": "Page Break"}, {"Type": "Question", "QuestionID": "QID3"}, {"Type": "Page Break"}, {"Type": "Question", "QuestionID": "QID4"}]}, {"Type": "Standard", "Description": "Block 2", "ID": "BL_xoxjMXjSQroWv3j", "BlockElements": [{"Type": "Question", "QuestionID": "QID5"}, {"Type": "Page Break"}, {"Type": "Question", "QuestionID": "QID6"}, {"Type": "Page Break"}, {"Type": "Question", "QuestionID": "QID7"}, {"Type": "Page Break"}, {"Type": "Question", "QuestionID": "QID8"}, {"Type": "Page Break"}, {"Type": "Question", "QuestionID": "QID9"}]}]}, {"SurveyID": "SV_YHEAZwhC7j0Fvlm", "Element": "FL", "PrimaryAttribute": "Survey Flow", "SecondaryAttribute": null, "TertiaryAttribute": null, "Payload": {"FlowID": "FL_1", "Type": "Root", "Flow": [{"Type": "EmbeddedData", "FlowID": "FL_1", "EmbeddedData": [{"Description": "opp", "Type": "Custom", "Field": "opp", "VariableType": "String", "DataVisibility": [], "AnalyzeText": false, "Value": "Opp-123456789-Tester"}, {"Description": "Q_CHL", "Type": "Recipient", "Field": "Q_CHL", "VariableType": "String", "DataVisibility": [], "AnalyzeText": false}, {"Description": "Q_TotalDuration", "Type": "Recipient", "Field": "Q_TotalDuration", "VariableType": "String", "DataVisibility": [], "AnalyzeText": false}]}, {"ID": "BL_eLecn8mvM2WneXV", "Type": "Block", "FlowID": "FL_4"}, {"ID": "BL_xoxjMXjSQroWv3j", "Type": "Block", "FlowID": "FL_5"}, {"Type": "EmbeddedData", "FlowID": "FL_2", "EmbeddedData": [{"Description": "gc", "Type": "Custom", "Field": "gc", "VariableType": "String", "DataVisibility": [], "AnalyzeText": false, "Value": "1"}]}, {"Type": "EndSurvey", "FlowID": "FL_3"}], "Properties": {"Count": 5}}}, {"SurveyID": "SV_YHEAZwhC7j0Fvlm", "Element": "SO", "PrimaryAttribute": "Survey Options", "SecondaryAttribute": null, "TertiaryAttribute": null, "Payload": {"BackButton": "true", "SaveAndContinue": "true", "SurveyProtection": "PublicSurvey", "BallotBoxStuffingPrevention": "false", "NoIndex": "Yes", "SecureResponseFiles": "true", "SurveyExpiration": "None", "SurveyTermination": "DefaultMessage", "Header": "", "Footer": "", "ProgressBarDisplay": "None", "PartialData": "+1 week", "ValidationMessage": "", "PreviousButton": " \u2190 ", "NextButton": " \u2192 ", "SurveyTitle": "QSF Default Upload", "SkinLibrary": "qxm", "SkinType": "templated", "Skin": {"brandingId": null, "templateId": "*base", "overrides": null}, "NewScoring": 1, "ShowExportTags": "true", "SurveyMetaDescription": ""}}, {"SurveyID": "SV_YHEAZwhC7j0Fvlm", "Element": "SQ", "PrimaryAttribute": "QID1", "SecondaryAttribute": "Welcome to my survey. Fill it all out. Stay frosty.", "TertiaryAttribute": null, "Payload": {"QuestionText": "Welcome to my survey. Fill it all out. Stay frosty.", "DataExportTag": "Q1", "QuestionType": "DB", "Selector": "TB", "Configuration": {"QuestionDescriptionOption": "UseText"}, "QuestionDescription": "Welcome to my survey. Fill it all out. Stay frosty.", "ChoiceOrder": [], "Validation": {"Settings": {"Type": "None"}}, "Language": [], "NextChoiceId": 4, "NextAnswerId": 1, "QuestionID": "QID1", "DefaultChoices": false}}, {"SurveyID": "SV_YHEAZwhC7j0Fvlm", "Element": "SQ", "PrimaryAttribute": "QID2", "SecondaryAttribute": "What is your favorite food?", "TertiaryAttribute": null, "Payload": {"QuestionText": "What is your favorite food?", "DataExportTag": "Q2", "QuestionType": "MC", "Selector": "SAVR", "SubSelector": "TX", "Configuration": {"QuestionDescriptionOption": "UseText"}, "QuestionDescription": "What is your favorite food?", "Choices": {"1": {"Display": "Burgers"}, "2": {"Display": "Tacos"}, "3": {"Display": "Pizza"}, "4": {"Display": "Chicken Nuggets"}, "5": {"Display": "Other", "TextEntry": "true", "TextEntryForceResponse": true}}, "ChoiceOrder": ["1", "2", "3", "4", "5"], "Validation": {"Settings": {"ForceResponse": "ON", "ForceResponseType": "ON", "Type": "None"}}, "Language": [], "NextChoiceId": 4, "NextAnswerId": 1, "QuestionID": "QID2", "RecodeValues": {}, "Randomization": {"Type": "Advanced", "Advanced": {"FixedOrder": ["{~Randomized~}", "{~Randomized~}", "{~Randomized~}", "{~Randomized~}", "5"], "RandomizeAll": ["1", "2", "3", "4"], "RandomSubSet": [], "ScaleReversal": [], "Undisplayed": [], "TotalRandSubset": 0}, "ConsistentScaleReversal": false, "EvenPresentation": false, "TotalRandSubset": ""}}}, {"SurveyID": "SV_YHEAZwhC7j0Fvlm", "Element": "SQ", "PrimaryAttribute": "QID3", "SecondaryAttribute": "What sports do you play?", "TertiaryAttribute": null, "Payload": {"QuestionText": "What sports do you play?", "DataExportTag": "Q3", "QuestionType": "MC", "Selector": "MAVR", "SubSelector": "TX", "Configuration": {"QuestionDescriptionOption": "UseText"}, "QuestionDescription": "What sports do you play?", "Choices": {"1": {"Display": "Basketball"}, "2": {"Display": "Football"}, "3": {"Display": "Tennis"}, "4": {"Display": "Cricket"}, "5": {"Display": "All of the above", "ExclusiveAnswer": true}, "6": {"Display": "None of the above", "ExclusiveAnswer": true}}, "ChoiceOrder": ["1", "2", "3", "4", "5", "6"], "Validation": {"Settings": {"ForceResponse": "ON", "ForceResponseType": "ON", "Type": "None"}}, "Language": [], "NextChoiceId": 4, "NextAnswerId": 1, "QuestionID": "QID3", "RecodeValues": {}, "Randomization": {"Type": "Advanced", "Advanced": {"FixedOrder": ["{~Randomized~}", "{~Randomized~}", "{~Randomized~}", "{~Randomized~}", "5", "6"], "RandomizeAll": ["1", "2", "3", "4"], "RandomSubSet": [], "ScaleReversal": [], "Undisplayed": [], "TotalRandSubset": 0}, "ConsistentScaleReversal": false, "EvenPresentation": false, "TotalRandSubset": ""}}}, {"SurveyID": "SV_YHEAZwhC7j0Fvlm", "Element": "SQ", "PrimaryAttribute": "QID4", "SecondaryAttribute": "Where are you from?", "TertiaryAttribute": null, "Payload": {"QuestionText": "Where are you from?", "DefaultChoices": false, "DataExportTag": "Q4", "QuestionType": "TE", "Selector": "SL", "Configuration": {"QuestionDescriptionOption": "UseText"}, "QuestionDescription": "Where are you from?", "Validation": {"Settings": {"ForceResponse": "ON", "ForceResponseType": "ON", "Type": "None"}}, "GradingData": [], "Language": [], "NextChoiceId": 4, "NextAnswerId": 1, "SearchSource": {"AllowFreeResponse": "false"}, "QuestionID": "QID4", "DisplayLogic": {"0": {"0": {"LogicType": "Question", "QuestionID": "QID3", "QuestionIsInLoop": "no", "ChoiceLocator": "q://QID3/SelectableChoice/1", "Operator": "Selected", "QuestionIDFromLocator": "QID3", "LeftOperand": "q://QID3/SelectableChoice/1", "Type": "Expression"}, "Type": "If"}, "Type": "BooleanExpression", "inPage": false}}}, {"SurveyID": "SV_YHEAZwhC7j0Fvlm", "Element": "SQ", "PrimaryAttribute": "QID5", "SecondaryAttribute": "What is your tshirt size?", "TertiaryAttribute": null, "Payload": {"QuestionText": "What is your tshirt size?", "DataExportTag": "Q5", "QuestionType": "MC", "Selector": "SAVR", "SubSelector": "TX", "Configuration": {"QuestionDescriptionOption": "UseText"}, "QuestionDescription": "What is your tshirt size?", "Choices": {"1": {"Display": "Small"}, "3": {"Display": "Medium"}, "4": {"Display": "Large"}}, "ChoiceOrder": ["1", "3", "4"], "Validation": {"Settings": {"ForceResponse": "ON", "ForceResponseType": "ON", "Type": "None"}}, "Language": [], "NextChoiceId": 4, "NextAnswerId": 1, "QuestionID": "QID5", "RecodeValues": {}, "DisplayLogic": {"0": {"0": {"LogicType": "Question", "QuestionID": "QID3", "QuestionIsInLoop": "no", "ChoiceLocator": "q://QID3/SelectableChoice/2", "Operator": "NotSelected", "QuestionIDFromLocator": "QID3", "LeftOperand": "q://QID3/SelectableChoice/2", "Type": "Expression"}, "1": {"LogicType": "Question", "QuestionID": "QID3", "QuestionIsInLoop": "no", "ChoiceLocator": "q://QID3/SelectableChoice/3", "Operator": "NotSelected", "QuestionIDFromLocator": "QID3", "LeftOperand": "q://QID3/SelectableChoice/3", "Type": "Expression", "Conjuction": "And"}, "Type": "If"}, "Type": "BooleanExpression", "inPage": false}}}, {"SurveyID": "SV_YHEAZwhC7j0Fvlm", "Element": "SQ", "PrimaryAttribute": "QID6", "SecondaryAttribute": "What do you think about the following brands?", "TertiaryAttribute": null, "Payload": {"QuestionText": "What do you think about the following brands?", "DataExportTag": "Q6", "QuestionType": "Matrix", "Selector": "Likert", "SubSelector": "SingleAnswer", "Configuration": {"QuestionDescriptionOption": "UseText", "TextPosition": "inline", "ChoiceColumnWidth": 25, "RepeatHeaders": "none", "WhiteSpace": "OFF", "MobileFirst": true}, "QuestionDescription": "What do you think about the following brands?", "Choices": {"1": {"Display": "Apple"}, "2": {"Display": "Samsung"}, "3": {"Display": "Google"}}, "ChoiceOrder": ["1", "2", "3"], "Validation": {"Settings": {"ForceResponse": "ON", "ForceResponseType": "ON", "Type": "None"}}, "Language": [], "NextChoiceId": 4, "NextAnswerId": 4, "QuestionID": "QID6", "RecodeValues": {}, "Randomization": {"Advanced": null, "Type": "All", "TotalRandSubset": ""}, "Answers": {"1": {"Display": "Hate it"}, "3": {"Display": "Like it"}, "4": {"Display": "Love it"}}, "AnswerOrder": ["1", "3", "4"], "DefaultChoices": false}}, {"SurveyID": "SV_YHEAZwhC7j0Fvlm", "Element": "SQ", "PrimaryAttribute": "QID7", "SecondaryAttribute": "What is your phone number?", "TertiaryAttribute": null, "Payload": {"QuestionText": "What is your phone number?", "DefaultChoices": false, "DataExportTag": "Q7", "QuestionType": "TE", "Selector": "SL", "Configuration": {"QuestionDescriptionOption": "UseText"}, "QuestionDescription": "What is your phone number?", "Validation": {"Settings": {"ForceResponse": "ON", "ForceResponseType": "ON", "Type": "None"}}, "GradingData": [], "Language": [], "NextChoiceId": 4, "NextAnswerId": 1, "SearchSource": {"AllowFreeResponse": "false"}, "QuestionID": "QID7"}}, {"SurveyID": "SV_YHEAZwhC7j0Fvlm", "Element": "SQ", "PrimaryAttribute": "QID8", "SecondaryAttribute": "What do you like for breakfast?", "TertiaryAttribute": null, "Payload": {"QuestionText": "What do you like for breakfast?", "DataExportTag": "Q8", "QuestionType": "MC", "Selector": "MAVR", "SubSelector": "TX", "Configuration": {"QuestionDescriptionOption": "UseText"}, "QuestionDescription": "What do you like for breakfast?", "Choices": {"2": {"Display": "Cereal"}, "3": {"Display": "Pancakes"}, "4": {"Display": "Buscuits and gravy"}, "5": {"Display": "Steak"}}, "ChoiceOrder": ["2", "3", "4", "5"], "Validation": {"Settings": {"ForceResponse": "ON", "ForceResponseType": "ON", "Type": "None"}}, "Language": [], "NextChoiceId": 4, "NextAnswerId": 1, "QuestionID": "QID8", "RecodeValues": {}, "Randomization": {"Advanced": null, "Type": "All", "TotalRandSubset": ""}, "DisplayLogic": {"0": {"0": {"LogicType": "Question", "QuestionID": "QID2", "QuestionIsInLoop": "no", "ChoiceLocator": "q://QID2/SelectableChoice/1", "Operator": "NotSelected", "QuestionIDFromLocator": "QID2", "LeftOperand": "q://QID2/SelectableChoice/1", "Type": "Expression"}, "1": {"LogicType": "Question", "QuestionID": "QID6", "QuestionIsInLoop": "no", "ChoiceLocator": "q://QID6/SelectableChoice/2", "Operator": "NotSelected", "QuestionIDFromLocator": "QID6", "LeftOperand": "q://QID6/SelectableChoice/2", "Type": "Expression", "Conjuction": "And"}, "2": {"LogicType": "Question", "QuestionID": "QID3", "QuestionIsInLoop": "no", "ChoiceLocator": "q://QID3/SelectableChoice/3", "Operator": "Selected", "QuestionIDFromLocator": "QID3", "LeftOperand": "q://QID3/SelectableChoice/3", "Type": "Expression", "Conjuction": "Or"}, "Type": "If"}, "Type": "BooleanExpression", "inPage": false}}}, {"SurveyID": "SV_YHEAZwhC7j0Fvlm", "Element": "SQ", "PrimaryAttribute": "QID9", "SecondaryAttribute": "How have you shopped at the following locations?", "TertiaryAttribute": null, "Payload": {"QuestionText": "How have you shopped at the following locations?", "DataExportTag": "Rando", "QuestionType": "Matrix", "Selector": "Likert", "SubSelector": "MultipleAnswer", "Configuration": {"QuestionDescriptionOption": "UseText", "TextPosition": "inline", "ChoiceColumnWidth": 25, "RepeatHeaders": "none", "WhiteSpace": "OFF", "MobileFirst": true}, "QuestionDescription": "How have you shopped at the following locations?", "Choices": {"1": {"Display": "Walmart"}, "2": {"Display": "Target"}, "3": {"Display": "Best Buy"}}, "ChoiceOrder": ["1", "2", "3"], "Validation": {"Settings": {"ForceResponse": "ON", "ForceResponseType": "ON", "Type": "None"}}, "Language": [], "NextChoiceId": 4, "NextAnswerId": 4, "QuestionID": "QID9", "RecodeValues": {}, "Randomization": {"Advanced": null, "Type": "All", "TotalRandSubset": ""}, "Answers": {"1": {"Display": "In Store"}, "2": {"Display": "Online"}, "3": {"Display": "Never Shopped Here"}}, "AnswerOrder": ["1", "2", "3"], "DefaultChoices": false}}]}