{"SurveyEntry": {"SurveyID": "SV_0LlIUA73rZOo9Rw", "SurveyName": "Qualtrics Survey | Qualtrics Experience Management", "SurveyDescription": null, "SurveyOwnerID": "UR_iIAUOB3hx6TiJCG", "SurveyBrandID": "qxm", "DivisionID": null, "SurveyLanguage": "EN", "SurveyActiveResponseSet": "RS_TNdmhAthL1XVtmQ", "SurveyStatus": "Inactive", "SurveyStartDate": "0000-00-00 00:00:00", "SurveyExpirationDate": "0000-00-00 00:00:00", "SurveyCreationDate": "2021-06-16 11:45:33", "CreatorID": "UR_iIAUOB3hx6TiJCG", "LastModified": "2021-06-16 11:45:34", "LastAccessed": "0000-00-00 00:00:00", "LastActivated": "0000-00-00 00:00:00", "Deleted": null}, "SurveyElements": [{"SurveyID": "SV_0LlIUA73rZOo9Rw", "Element": "BL", "PrimaryAttribute": "Survey Blocks", "SecondaryAttribute": null, "TertiaryAttribute": null, "Payload": [{"Type": "Trash", "Description": "Trash", "ID": "BL_ge1hWVwAqbFqTqE"}, {"Type": "Default", "Description": "Block 1", "ID": "BL_Hgy4X46Z2vTpcxt", "BlockElements": [{"Type": "Question", "QuestionID": "QID1"}, {"Type": "Page Break"}, {"Type": "Question", "QuestionID": "QID2", "SkipLogic": [{"ChoiceLocator": "q://QID2/SelectableChoice/4", "Condition": "NotSelected", "Locator": "q://QID2/SelectableChoice/4", "QuestionID": "QID2", "SkipLogicID": 1, "SkipToDestination": "ENDOFBLOCK"}, {"ChoiceLocator": "q://QID2/SelectableChoice/1", "Condition": "Selected", "Locator": "q://QID2/SelectableChoice/1", "QuestionID": "QID2", "SkipLogicID": 2, "SkipToDestination": "ENDOFBLOCK"}]}, {"Type": "Page Break"}, {"Type": "Question", "QuestionID": "QID3", "SkipLogic": [{"ChoiceLocator": "q://QID3/SelectableChoice/3", "Condition": "NotSelected", "Locator": "q://QID3/SelectableChoice/3", "QuestionID": "QID3", "SkipLogicID": 3, "SkipToDestination": "ENDOFBLOCK"}, {"ChoiceLocator": "q://QID3/SelectableChoice/4", "Condition": "NotSelected", "Locator": "q://QID3/SelectableChoice/4", "QuestionID": "QID3", "SkipLogicID": 4, "SkipToDestination": "ENDOFBLOCK"}]}, {"Type": "Page Break"}, {"Type": "Question", "QuestionID": "QID4"}]}, {"Type": "Standard", "Description": "Block 2", "ID": "BL_mPYMpUnKWvjWVIc", "BlockElements": [{"Type": "Question", "QuestionID": "QID5", "SkipLogic": [{"ChoiceLocator": "q://QID5/SelectableChoice/3", "Condition": "Selected", "Locator": "q://QID5/SelectableChoice/3", "QuestionID": "QID5", "SkipLogicID": 5, "SkipToDestination": "ENDOFBLOCK"}]}, {"Type": "Page Break"}, {"Type": "Question", "QuestionID": "QID6"}, {"Type": "Page Break"}, {"Type": "Question", "QuestionID": "QID7"}, {"Type": "Page Break"}, {"Type": "Question", "QuestionID": "QID8", "SkipLogic": [{"ChoiceLocator": "q://QID8/SelectableChoice/1", "Condition": "Selected", "Locator": "q://QID8/SelectableChoice/1", "QuestionID": "QID8", "SkipLogicID": 6, "SkipToDestination": "ENDOFBLOCK"}, {"ChoiceLocator": "q://QID8/SelectableChoice/2", "Condition": "Selected", "Locator": "q://QID8/SelectableChoice/2", "QuestionID": "QID8", "SkipLogicID": 7, "SkipToDestination": "ENDOFBLOCK"}, {"ChoiceLocator": "q://QID8/SelectableChoice/3", "Condition": "Selected", "Locator": "q://QID8/SelectableChoice/3", "QuestionID": "QID8", "SkipLogicID": 8, "SkipToDestination": "ENDOFBLOCK"}]}, {"Type": "Page Break"}, {"Type": "Question", "QuestionID": "QID9"}]}, {"Type": "Standard", "SubType": "", "Description": "Preview: Term", "ID": "BL_YYtFlLULXyJvnap", "BlockElements": [{"Type": "Question", "QuestionID": "QID10"}]}, {"Type": "Standard", "SubType": "", "Description": "Preview: Variables", "ID": "BL_W0EWNiD6j2kpHnu", "BlockElements": [{"Type": "Question", "QuestionID": "QID11"}]}]}, {"SurveyID": "SV_0LlIUA73rZOo9Rw", "Element": "FL", "PrimaryAttribute": "Survey Flow", "SecondaryAttribute": null, "TertiaryAttribute": null, "Payload": {"FlowID": "FL_1", "Type": "Root", "Flow": [{"Type": "EmbeddedData", "FlowID": "FL_1", "EmbeddedData": [{"Description": "opp", "Type": "Custom", "Field": "opp", "VariableType": "String", "DataVisibility": [], "AnalyzeText": false, "Value": "Qual1234-Tester"}, {"Description": "Q_CHL", "Type": "Recipient", "Field": "Q_CHL", "VariableType": "String", "DataVisibility": [], "AnalyzeText": false}, {"Description": "Q_TotalDuration", "Type": "Recipient", "Field": "Q_TotalDuration", "VariableType": "String", "DataVisibility": [], "AnalyzeText": false}]}, {"ID": "BL_Hgy4X46Z2vTpcxt", "Type": "Block", "FlowID": "FL_4"}, {"Type": "Branch", "FlowID": "FL_5", "Description": "New Branch", "BranchLogic": {"0": {"0": {"LogicType": "Question", "QuestionID": "QID2", "QuestionIsInLoop": "no", "ChoiceLocator": "q://QID2/SelectableChoice/4", "Operator": "NotSelected", "QuestionIDFromLocator": "QID2", "LeftOperand": "q://QID2/SelectableChoice/4", "Type": "Expression"}, "1": {"LogicType": "Question", "QuestionID": "QID2", "QuestionIsInLoop": "no", "ChoiceLocator": "q://QID2/SelectableChoice/1", "Operator": "Selected", "QuestionIDFromLocator": "QID2", "LeftOperand": "q://QID2/SelectableChoice/1", "Type": "Expression", "Conjuction": "Or"}, "Type": "If"}, "Type": "BooleanExpression"}, "Flow": [{"Type": "EmbeddedData", "FlowID": "FL_6", "EmbeddedData": [{"Description": "term", "Type": "Custom", "Field": "term", "VariableType": "String", "DataVisibility": [], "AnalyzeText": false, "Value": "Q2 is not 4\nor is 1"}, {"Description": "gc", "Type": "Custom", "Field": "gc", "VariableType": "String", "DataVisibility": [], "AnalyzeText": false, "Value": "2"}]}, {"Type": "Standard", "ID": "BL_YYtFlLULXyJvnap", "FlowID": "FL_11", "Autofill": []}, {"Type": "EndSurvey", "FlowID": "FL_7"}]}, {"Type": "Branch", "FlowID": "FL_8", "Description": "New Branch", "BranchLogic": {"0": {"0": {"LogicType": "Question", "QuestionID": "QID3", "QuestionIsInLoop": "no", "ChoiceLocator": "q://QID3/SelectableChoice/3", "Operator": "NotSelected", "QuestionIDFromLocator": "QID3", "LeftOperand": "q://QID3/SelectableChoice/3", "Type": "Expression"}, "1": {"LogicType": "Question", "QuestionID": "QID3", "QuestionIsInLoop": "no", "ChoiceLocator": "q://QID3/SelectableChoice/4", "Operator": "NotSelected", "QuestionIDFromLocator": "QID3", "LeftOperand": "q://QID3/SelectableChoice/4", "Type": "Expression", "Conjuction": "And"}, "Type": "If"}, "Type": "BooleanExpression"}, "Flow": [{"Type": "EmbeddedData", "FlowID": "FL_9", "EmbeddedData": [{"Description": "term", "Type": "Custom", "Field": "term", "VariableType": "String", "DataVisibility": [], "AnalyzeText": false, "Value": "Q3 is not 3\nand is not 4"}, {"Description": "gc", "Type": "Custom", "Field": "gc", "VariableType": "String", "DataVisibility": [], "AnalyzeText": false, "Value": "2"}]}, {"Type": "Standard", "ID": "BL_YYtFlLULXyJvnap", "FlowID": "FL_11", "Autofill": []}, {"Type": "EndSurvey", "FlowID": "FL_10"}]}, {"ID": "BL_mPYMpUnKWvjWVIc", "Type": "Block", "FlowID": "FL_11"}, {"Type": "Branch", "FlowID": "FL_12", "Description": "New Branch", "BranchLogic": {"0": {"0": {"LogicType": "Question", "QuestionID": "QID5", "QuestionIsInLoop": "no", "ChoiceLocator": "q://QID5/SelectableChoice/3", "Operator": "Selected", "QuestionIDFromLocator": "QID5", "LeftOperand": "q://QID5/SelectableChoice/3", "Type": "Expression"}, "Type": "If"}, "Type": "BooleanExpression"}, "Flow": [{"Type": "EmbeddedData", "FlowID": "FL_13", "EmbeddedData": [{"Description": "term", "Type": "Custom", "Field": "term", "VariableType": "String", "DataVisibility": [], "AnalyzeText": false, "Value": "Q5 is 3"}, {"Description": "gc", "Type": "Custom", "Field": "gc", "VariableType": "String", "DataVisibility": [], "AnalyzeText": false, "Value": "2"}]}, {"Type": "Standard", "ID": "BL_YYtFlLULXyJvnap", "FlowID": "FL_11", "Autofill": []}, {"Type": "EndSurvey", "FlowID": "FL_14"}]}, {"Type": "Branch", "FlowID": "FL_15", "Description": "New Branch", "BranchLogic": {"0": {"0": {"LogicType": "Question", "QuestionID": "QID8", "QuestionIsInLoop": "no", "ChoiceLocator": "q://QID8/SelectableChoice/1", "Operator": "Selected", "QuestionIDFromLocator": "QID8", "LeftOperand": "q://QID8/SelectableChoice/1", "Type": "Expression"}, "1": {"LogicType": "Question", "QuestionID": "QID8", "QuestionIsInLoop": "no", "ChoiceLocator": "q://QID8/SelectableChoice/2", "Operator": "Selected", "QuestionIDFromLocator": "QID8", "LeftOperand": "q://QID8/SelectableChoice/2", "Type": "Expression", "Conjuction": "Or"}, "2": {"LogicType": "Question", "QuestionID": "QID8", "QuestionIsInLoop": "no", "ChoiceLocator": "q://QID8/SelectableChoice/3", "Operator": "Selected", "QuestionIDFromLocator": "QID8", "LeftOperand": "q://QID8/SelectableChoice/3", "Type": "Expression", "Conjuction": "And"}, "Type": "If"}, "Type": "BooleanExpression"}, "Flow": [{"Type": "EmbeddedData", "FlowID": "FL_16", "EmbeddedData": [{"Description": "term", "Type": "Custom", "Field": "term", "VariableType": "String", "DataVisibility": [], "AnalyzeText": false, "Value": "Q8 is 1\nor is 2\nand is 3"}, {"Description": "gc", "Type": "Custom", "Field": "gc", "VariableType": "String", "DataVisibility": [], "AnalyzeText": false, "Value": "2"}]}, {"Type": "Standard", "ID": "BL_YYtFlLULXyJvnap", "FlowID": "FL_11", "Autofill": []}, {"Type": "EndSurvey", "FlowID": "FL_17"}]}, {"Type": "EmbeddedData", "FlowID": "FL_2", "EmbeddedData": [{"Description": "gc", "Type": "Custom", "Field": "gc", "VariableType": "String", "DataVisibility": [], "AnalyzeText": false, "Value": "1"}]}, {"Type": "EndSurvey", "FlowID": "FL_3"}], "Properties": {"Count": 17}}}, {"SurveyID": "SV_0LlIUA73rZOo9Rw", "Element": "SO", "PrimaryAttribute": "Survey Options", "SecondaryAttribute": null, "TertiaryAttribute": null, "Payload": {"BackButton": "true", "SaveAndContinue": "true", "SurveyProtection": "PublicSurvey", "BallotBoxStuffingPrevention": "false", "NoIndex": "Yes", "SecureResponseFiles": "true", "SurveyExpiration": "None", "SurveyTermination": "DefaultMessage", "Header": "", "Footer": "", "ProgressBarDisplay": "None", "PartialData": "+1 week", "ValidationMessage": "", "PreviousButton": " \u2190 ", "NextButton": " \u2192 ", "SurveyTitle": "Qualtrics Survey | Qualtrics Experience Management", "SkinLibrary": "qxm", "SkinType": "templated", "Skin": {"brandingId": null, "templateId": "*base", "overrides": null}, "NewScoring": 1, "ShowExportTags": "true", "SurveyMetaDescription": ""}}, {"SurveyID": "SV_0LlIUA73rZOo9Rw", "Element": "SCO", "PrimaryAttribute": "Scoring", "SecondaryAttribute": null, "TertiaryAttribute": null, "Payload": {"ScoringCategories": [{"ID": "SC_qAZgngtJi4Z3QAd", "Name": "Score", "Description": ""}], "ScoringCategoryGroups": [], "DefaultScoringCategory": "SC_qAZgngtJi4Z3QAd", "ScoringSummaryCategory": null, "ScoringSummaryAfterQuestions": 0, "ScoringSummaryAfterSurvey": 0, "AutoScoringCategory": null}}, {"SurveyID": "SV_0LlIUA73rZOo9Rw", "Element": "SQ", "PrimaryAttribute": "QID1", "SecondaryAttribute": "Welcome to my survey. Fill it all out. Stay frosty.", "TertiaryAttribute": null, "Payload": {"QuestionText": "Welcome to my survey. Fill it all out. Stay frosty.", "DataExportTag": "Q1", "QuestionType": "DB", "Selector": "TB", "Configuration": {"QuestionDescriptionOption": "UseText"}, "QuestionDescription": "Welcome to my survey. Fill it all out. Stay frosty.", "ChoiceOrder": [], "Validation": {"Settings": {"Type": "None"}}, "Language": [], "NextChoiceId": 4, "NextAnswerId": 1, "QuestionID": "QID1", "DefaultChoices": false}}, {"SurveyID": "SV_0LlIUA73rZOo9Rw", "Element": "SQ", "PrimaryAttribute": "QID2", "SecondaryAttribute": "What is your favorite food?", "TertiaryAttribute": null, "Payload": {"QuestionText": "What is your favorite food?", "DataExportTag": "Q2", "QuestionType": "MC", "Selector": "SAVR", "SubSelector": "TX", "Configuration": {"QuestionDescriptionOption": "UseText"}, "QuestionDescription": "What is your favorite food?", "Choices": {"1": {"Display": "Burgers"}, "2": {"Display": "Tacos"}, "3": {"Display": "Pizza"}, "4": {"Display": "Chicken Nuggets"}, "5": {"Display": "Other", "TextEntry": "true", "TextEntryForceResponse": true}}, "ChoiceOrder": ["1", "2", "3", "4", "5"], "Validation": {"Settings": {"ForceResponse": "ON", "ForceResponseType": "ON", "Type": "None"}}, "Language": [], "NextChoiceId": 4, "NextAnswerId": 1, "QuestionID": "QID2", "RecodeValues": {}, "Randomization": {"Type": "Advanced", "Advanced": {"FixedOrder": ["{~Randomized~}", "{~Randomized~}", "{~Randomized~}", "{~Randomized~}", "5"], "RandomizeAll": ["1", "2", "3", "4"], "RandomSubSet": [], "ScaleReversal": [], "Undisplayed": [], "TotalRandSubset": 0}, "ConsistentScaleReversal": false, "EvenPresentation": false, "TotalRandSubset": ""}}}, {"SurveyID": "SV_0LlIUA73rZOo9Rw", "Element": "SQ", "PrimaryAttribute": "QID3", "SecondaryAttribute": "What sports do you play?", "TertiaryAttribute": null, "Payload": {"QuestionText": "What sports do you play?", "DataExportTag": "Q3", "QuestionType": "MC", "Selector": "MAVR", "SubSelector": "TX", "Configuration": {"QuestionDescriptionOption": "UseText"}, "QuestionDescription": "What sports do you play?", "Choices": {"1": {"Display": "Basketball"}, "2": {"Display": "Football"}, "3": {"Display": "Tennis"}, "4": {"Display": "Cricket"}, "5": {"Display": "All of the above", "ExclusiveAnswer": true}, "6": {"Display": "None of the above", "ExclusiveAnswer": true}}, "ChoiceOrder": ["1", "2", "3", "4", "5", "6"], "Validation": {"Settings": {"ForceResponse": "ON", "ForceResponseType": "ON", "Type": "None"}}, "Language": [], "NextChoiceId": 4, "NextAnswerId": 1, "QuestionID": "QID3", "RecodeValues": {}, "Randomization": {"Type": "Advanced", "Advanced": {"FixedOrder": ["{~Randomized~}", "{~Randomized~}", "{~Randomized~}", "{~Randomized~}", "5", "6"], "RandomizeAll": ["1", "2", "3", "4"], "RandomSubSet": [], "ScaleReversal": [], "Undisplayed": [], "TotalRandSubset": 0}, "ConsistentScaleReversal": false, "EvenPresentation": false, "TotalRandSubset": ""}}}, {"SurveyID": "SV_0LlIUA73rZOo9Rw", "Element": "SQ", "PrimaryAttribute": "QID4", "SecondaryAttribute": "Where are you from?", "TertiaryAttribute": null, "Payload": {"QuestionText": "Where are you from?", "DefaultChoices": false, "DataExportTag": "Q4", "QuestionType": "TE", "Selector": "SL", "Configuration": {"QuestionDescriptionOption": "UseText"}, "QuestionDescription": "Where are you from?", "Validation": {"Settings": {"ForceResponse": "ON", "ForceResponseType": "ON", "Type": "None"}}, "GradingData": [], "Language": [], "NextChoiceId": 4, "NextAnswerId": 1, "SearchSource": {"AllowFreeResponse": "false"}, "QuestionID": "QID4", "DisplayLogic": {"0": {"0": {"LogicType": "Question", "QuestionID": "QID3", "QuestionIsInLoop": "no", "ChoiceLocator": "q://QID3/SelectableChoice/1", "Operator": "Selected", "QuestionIDFromLocator": "QID3", "LeftOperand": "q://QID3/SelectableChoice/1", "Type": "Expression"}, "Type": "If"}, "Type": "BooleanExpression", "inPage": false}}}, {"SurveyID": "SV_0LlIUA73rZOo9Rw", "Element": "SQ", "PrimaryAttribute": "QID5", "SecondaryAttribute": "What is your tshirt size?", "TertiaryAttribute": null, "Payload": {"QuestionText": "What is your tshirt size?", "DataExportTag": "Q5", "QuestionType": "MC", "Selector": "SAVR", "SubSelector": "TX", "Configuration": {"QuestionDescriptionOption": "UseText"}, "QuestionDescription": "What is your tshirt size?", "Choices": {"1": {"Display": "Small"}, "3": {"Display": "Medium"}, "4": {"Display": "Large"}}, "ChoiceOrder": ["1", "3", "4"], "Validation": {"Settings": {"ForceResponse": "ON", "ForceResponseType": "ON", "Type": "None"}}, "Language": [], "NextChoiceId": 4, "NextAnswerId": 1, "QuestionID": "QID5", "RecodeValues": {}, "DisplayLogic": {"0": {"0": {"LogicType": "Question", "QuestionID": "QID3", "QuestionIsInLoop": "no", "ChoiceLocator": "q://QID3/SelectableChoice/2", "Operator": "NotSelected", "QuestionIDFromLocator": "QID3", "LeftOperand": "q://QID3/SelectableChoice/2", "Type": "Expression"}, "1": {"LogicType": "Question", "QuestionID": "QID3", "QuestionIsInLoop": "no", "ChoiceLocator": "q://QID3/SelectableChoice/3", "Operator": "NotSelected", "QuestionIDFromLocator": "QID3", "LeftOperand": "q://QID3/SelectableChoice/3", "Type": "Expression", "Conjuction": "And"}, "Type": "If"}, "Type": "BooleanExpression", "inPage": false}}}, {"SurveyID": "SV_0LlIUA73rZOo9Rw", "Element": "SQ", "PrimaryAttribute": "QID6", "SecondaryAttribute": "What do you think about the following brands?", "TertiaryAttribute": null, "Payload": {"QuestionText": "What do you think about the following brands?", "DataExportTag": "Q6", "QuestionType": "Matrix", "Selector": "Likert", "SubSelector": "SingleAnswer", "Configuration": {"QuestionDescriptionOption": "UseText", "TextPosition": "inline", "ChoiceColumnWidth": 25, "RepeatHeaders": "none", "WhiteSpace": "OFF", "MobileFirst": true}, "QuestionDescription": "What do you think about the following brands?", "Choices": {"1": {"Display": "Apple"}, "2": {"Display": "Samsung"}, "3": {"Display": "Google"}}, "ChoiceOrder": ["1", "2", "3"], "Validation": {"Settings": {"ForceResponse": "ON", "ForceResponseType": "ON", "Type": "None"}}, "Language": [], "NextChoiceId": 4, "NextAnswerId": 4, "QuestionID": "QID6", "RecodeValues": {}, "Randomization": {"Type": "Advanced", "Advanced": {"FixedOrder": ["{~Randomized~}", "{~Randomized~}", "3"], "RandomizeAll": ["1", "2"], "RandomSubSet": [], "ScaleReversal": [], "Undisplayed": [], "TotalRandSubset": 0}, "ConsistentScaleReversal": false, "EvenPresentation": false, "TotalRandSubset": ""}, "Answers": {"1": {"Display": "Hate it"}, "3": {"Display": "Like it"}, "4": {"Display": "Love it"}}, "AnswerOrder": ["1", "3", "4"], "DefaultChoices": false}}, {"SurveyID": "SV_0LlIUA73rZOo9Rw", "Element": "SQ", "PrimaryAttribute": "QID7", "SecondaryAttribute": "What is your phone number?", "TertiaryAttribute": null, "Payload": {"QuestionText": "What is your phone number?", "DefaultChoices": false, "DataExportTag": "Q7", "QuestionType": "TE", "Selector": "SL", "Configuration": {"QuestionDescriptionOption": "UseText"}, "QuestionDescription": "What is your phone number?", "Validation": {"Settings": {"ForceResponse": "ON", "ForceResponseType": "ON", "Type": "None"}}, "GradingData": [], "Language": [], "NextChoiceId": 4, "NextAnswerId": 1, "SearchSource": {"AllowFreeResponse": "false"}, "QuestionID": "QID7"}}, {"SurveyID": "SV_0LlIUA73rZOo9Rw", "Element": "SQ", "PrimaryAttribute": "QID8", "SecondaryAttribute": "What do you like for breakfast?", "TertiaryAttribute": null, "Payload": {"QuestionText": "What do you like for breakfast?", "DataExportTag": "Q8", "QuestionType": "MC", "Selector": "MAVR", "SubSelector": "TX", "Configuration": {"QuestionDescriptionOption": "UseText"}, "QuestionDescription": "What do you like for breakfast?", "Choices": {"1": {"Display": "Cereal"}, "2": {"Display": "Pancakes"}, "3": {"Display": "Buscuits and gravy"}, "4": {"Display": "Steak"}}, "ChoiceOrder": ["1", "2", "3", "4"], "Validation": {"Settings": {"ForceResponse": "ON", "ForceResponseType": "ON", "Type": "None"}}, "Language": [], "NextChoiceId": 4, "NextAnswerId": 1, "QuestionID": "QID8", "RecodeValues": {}, "Randomization": {"Advanced": null, "Type": "All", "TotalRandSubset": ""}, "DisplayLogic": {"0": {"0": {"LogicType": "Question", "QuestionID": "QID2", "QuestionIsInLoop": "no", "ChoiceLocator": "q://QID2/SelectableChoice/1", "Operator": "NotSelected", "QuestionIDFromLocator": "QID2", "LeftOperand": "q://QID2/SelectableChoice/1", "Type": "Expression"}, "1": {"LogicType": "Question", "QuestionID": "QID6", "QuestionIsInLoop": "no", "ChoiceLocator": "q://QID6/SelectableChoice/2", "Operator": "NotSelected", "QuestionIDFromLocator": "QID6", "LeftOperand": "q://QID6/SelectableChoice/2", "Type": "Expression", "Conjuction": "And"}, "2": {"LogicType": "Question", "QuestionID": "QID3", "QuestionIsInLoop": "no", "ChoiceLocator": "q://QID3/SelectableChoice/3", "Operator": "Selected", "QuestionIDFromLocator": "QID3", "LeftOperand": "q://QID3/SelectableChoice/3", "Type": "Expression", "Conjuction": "Or"}, "Type": "If"}, "Type": "BooleanExpression", "inPage": false}}}, {"SurveyID": "SV_0LlIUA73rZOo9Rw", "Element": "SQ", "PrimaryAttribute": "QID9", "SecondaryAttribute": "How have you shopped at the following locations?", "TertiaryAttribute": null, "Payload": {"QuestionText": "How have you shopped at the following locations?", "DataExportTag": "Rando", "QuestionType": "Matrix", "Selector": "Likert", "SubSelector": "MultipleAnswer", "Configuration": {"QuestionDescriptionOption": "UseText", "TextPosition": "inline", "ChoiceColumnWidth": 25, "RepeatHeaders": "none", "WhiteSpace": "OFF", "MobileFirst": true}, "QuestionDescription": "How have you shopped at the following locations?", "Choices": {"1": {"Display": "Walmart"}, "2": {"Display": "Target"}, "3": {"Display": "Best Buy"}}, "ChoiceOrder": ["1", "2", "3"], "Validation": {"Settings": {"ForceResponse": "ON", "ForceResponseType": "ON", "Type": "None"}}, "Language": [], "NextChoiceId": 4, "NextAnswerId": 4, "QuestionID": "QID9", "RecodeValues": {}, "Randomization": {"Advanced": null, "Type": "All", "TotalRandSubset": ""}, "Answers": {"1": {"Display": "In Store"}, "2": {"Display": "Online"}, "3": {"Display": "Never Shopped Here"}}, "AnswerOrder": ["1", "2", "3"], "DefaultChoices": false}}, {"SurveyID": "SV_0LlIUA73rZOo9Rw", "Element": "SQ", "PrimaryAttribute": "QID10", "SecondaryAttribute": "Only shown in preview \u00a0 term:\u00a0${e://Field/term} gc:\u00a0${e://Field/gc}", "TertiaryAttribute": null, "Payload": {"QuestionText": "<strong><span style=\"color:#e74c3c;\">Only shown in preview</span></strong>\n<div>&nbsp;</div>\n\n<div>term:&nbsp;${e://Field/term}</div>\n\n<div>gc:&nbsp;${e://Field/gc}</div>", "DefaultChoices": false, "DataExportTag": "Preivew: Term", "QuestionID": "QID10", "QuestionType": "DB", "Selector": "TB", "Configuration": {"QuestionDescriptionOption": "UseText"}, "QuestionDescription": "Only shown in preview \u00a0 term:\u00a0${e://Field/term} gc:\u00a0${e://Field/gc}", "ChoiceOrder": [], "Validation": {"Settings": {"Type": "None"}}, "GradingData": [], "Language": [], "NextChoiceId": 4, "NextAnswerId": 1}}, {"SurveyID": "SV_0LlIUA73rZOo9Rw", "Element": "SQ", "PrimaryAttribute": "QID11", "SecondaryAttribute": "Only shown in preview \u00a0 Variable Name:\u00a0", "TertiaryAttribute": null, "Payload": {"QuestionText": "<strong><span style=\"color:#e74c3c;\">Only shown in preview</span></strong>\n<div>&nbsp;</div>\n\n<div>Variable Name:&nbsp;</div>", "DefaultChoices": false, "DataExportTag": "Preview: Variables", "QuestionID": "QID11", "QuestionType": "DB", "Selector": "TB", "Configuration": {"QuestionDescriptionOption": "UseText"}, "QuestionDescription": "Only shown in preview \u00a0 Variable Name:\u00a0", "ChoiceOrder": [], "Validation": {"Settings": {"Type": "None"}}, "GradingData": [], "Language": [], "NextChoiceId": 4, "NextAnswerId": 1}}]}